{
  "name": "wilson-garnes.com",
  "version": "1.8.0",
  "lockfileVersion": 1,
  "dependencies": {
    "async": {
      "version": "https://registry.npmjs.org/async/-/async-0.2.7.tgz",
      "integrity": "sha1-RMXuFRrs5sS/U2TPx8KP5OWPGN8="
    },
    "aws-sign": {
      "version": "0.3.0",
      "resolved": "https://registry.npmjs.org/aws-sign/-/aws-sign-0.3.0.tgz",
      "integrity": "sha1-PYHKabR0seFlGHKLUcJP8Lvtxuk="
    },
    "boom": {
      "version": "0.4.2",
      "resolved": "https://registry.npmjs.org/boom/-/boom-0.4.2.tgz",
      "integrity": "sha1-emNune1O/O+xnO9JR6PGffrukRs=",
      "dependencies": {
        "hoek": {
          "version": "0.9.1",
          "resolved": "https://registry.npmjs.org/hoek/-/hoek-0.9.1.tgz",
          "integrity": "sha1-PTIkYrrfB3Fup+uFuviAec3c5QU="
        }
      }
    },
    "bower": {
      "version": "https://registry.npmjs.org/bower/-/bower-1.2.7.tgz",
      "integrity": "sha1-WwUFyBkr1hp1Knz4txjRswVM1VQ=",
      "dependencies": {
        "abbrev": {
          "version": "1.0.4",
          "resolved": "https://registry.npmjs.org/abbrev/-/abbrev-1.0.4.tgz",
          "integrity": "sha1-vVWuXkE7oXIu5Mq6H26hBBSlns0="
        },
        "archy": {
          "version": "0.0.2",
          "resolved": "https://registry.npmjs.org/archy/-/archy-0.0.2.tgz",
          "integrity": "sha1-kQ9Dv2YUH8M1VkWXq8GJ30Sz014="
        },
        "bower-config": {
          "version": "https://registry.npmjs.org/bower-config/-/bower-config-0.5.0.tgz",
          "integrity": "sha1-0IHUMAiBaxvrh23uJyIZhR3UyJw=",
          "dependencies": {
            "mout": {
              "version": "https://registry.npmjs.org/mout/-/mout-0.6.0.tgz",
              "integrity": "sha1-znq62BMNeWsJ1/tQm8xzsJvgJKY="
            },
            "optimist": {
              "version": "https://registry.npmjs.org/optimist/-/optimist-0.6.0.tgz",
              "integrity": "sha1-aUJIJvNAX3nxQub8PZrljU27kgA="
            }
          }
        },
        "bower-endpoint-parser": {
          "version": "https://registry.npmjs.org/bower-endpoint-parser/-/bower-endpoint-parser-0.2.1.tgz",
          "integrity": "sha1-jEAQopAM2rB+pdOPC9A+m7zO+Q8="
        },
        "bower-json": {
          "version": "https://registry.npmjs.org/bower-json/-/bower-json-0.4.0.tgz",
          "integrity": "sha1-qZw8z0Fu8FkO0N7SUsdg8cbZN2Y=",
          "dependencies": {
            "deep-extend": {
              "version": "https://registry.npmjs.org/deep-extend/-/deep-extend-0.2.6.tgz",
              "integrity": "sha1-H3Z+ArRtiNCkCHr/pLEbGwuAQlA="
            },
            "intersect": {
              "version": "https://registry.npmjs.org/intersect/-/intersect-0.0.3.tgz",
              "integrity": "sha1-waSl5erG7eSvdQTMB+Ctp7yfSSA="
            }
          }
        },
        "bower-logger": {
          "version": "https://registry.npmjs.org/bower-logger/-/bower-logger-0.2.1.tgz",
          "integrity": "sha1-DBgXxIBjqI2WzD1RbFXlf/9dnss="
        },
        "bower-registry-client": {
          "version": "https://registry.npmjs.org/bower-registry-client/-/bower-registry-client-0.1.5.tgz",
          "integrity": "sha1-HGTXC/yoM8lRIf/CPaSKVFJ5EtM=",
          "dependencies": {
            "async": {
              "version": "https://registry.npmjs.org/async/-/async-0.2.9.tgz",
              "integrity": "sha1-32MGD789Myhqdqr21Vophtn/hhk="
            },
            "bower-config": {
              "version": "https://registry.npmjs.org/bower-config/-/bower-config-0.4.5.tgz",
              "integrity": "sha1-uqfO44L1OxO7YqSvrufAXyAUPBM=",
              "dependencies": {
                "mout": {
                  "version": "https://registry.npmjs.org/mout/-/mout-0.6.0.tgz",
                  "integrity": "sha1-znq62BMNeWsJ1/tQm8xzsJvgJKY="
                },
                "optimist": {
                  "version": "https://registry.npmjs.org/optimist/-/optimist-0.6.0.tgz",
                  "integrity": "sha1-aUJIJvNAX3nxQub8PZrljU27kgA="
                }
              }
            },
            "request-replay": {
              "version": "https://registry.npmjs.org/request-replay/-/request-replay-0.2.0.tgz",
              "integrity": "sha1-m2k6XRGLOfXFlurV7ZGiZEQFf2A="
            }
          }
        },
        "cardinal": {
          "version": "https://registry.npmjs.org/cardinal/-/cardinal-0.4.2.tgz",
          "integrity": "sha1-tlY6iC9YpWwavVdLrsZLXQt++UI=",
          "dependencies": {
            "ansicolors": {
              "version": "https://registry.npmjs.org/ansicolors/-/ansicolors-0.2.1.tgz",
              "integrity": "sha1-vgiVmQl7dKXJxKhKDNvNtivYeu8="
            },
            "redeyed": {
              "version": "https://registry.npmjs.org/redeyed/-/redeyed-0.4.2.tgz",
              "integrity": "sha1-8BM7mQy5cr288tLc4K7DZZX0Gbw="
            }
          }
        },
        "chalk": {
          "version": "https://registry.npmjs.org/chalk/-/chalk-0.2.1.tgz",
          "integrity": "sha1-dhPhV1FFshOGSD9/SFql/6jL0Qw=",
          "dependencies": {
            "ansi-styles": {
              "version": "https://registry.npmjs.org/ansi-styles/-/ansi-styles-0.2.0.tgz",
              "integrity": "sha1-NZq0sV3NZLptdHNLcsNjYKmvLBk="
            }
          }
        },
        "chmodr": {
          "version": "https://registry.npmjs.org/chmodr/-/chmodr-0.1.0.tgz",
          "integrity": "sha1-4JIVodUVQtsqJXaWl2W89hJVg+s="
        },
        "esprima": {
          "version": "1.0.4",
          "resolved": "https://registry.npmjs.org/esprima/-/esprima-1.0.4.tgz",
          "integrity": "sha1-n1V+CPw7TSbs6d00+Pv0drYlha0="
        },
        "fstream": {
          "version": "https://registry.npmjs.org/fstream/-/fstream-0.1.24.tgz",
          "integrity": "sha1-Jn/p0DT0a8mfgkeJ04uYetAb6IQ="
        },
        "fstream-ignore": {
          "version": "https://registry.npmjs.org/fstream-ignore/-/fstream-ignore-0.0.7.tgz",
          "integrity": "sha1-7qMDPww3KBOd57V6sbDW2Jw1PGM="
        },
        "graceful-fs": {
          "version": "https://registry.npmjs.org/graceful-fs/-/graceful-fs-2.0.1.tgz",
          "integrity": "sha1-f9bgpIN8NdDMFTMClNlYSjiYz4Q="
        },
        "has-color": {
          "version": "0.1.1",
          "resolved": "https://registry.npmjs.org/has-color/-/has-color-0.1.1.tgz",
          "integrity": "sha1-KMyQEnvFRI+Z52CW3JdHCpSmZyA="
        },
        "inquirer": {
          "version": "https://registry.npmjs.org/inquirer/-/inquirer-0.3.4.tgz",
          "integrity": "sha1-r0Zzs+HLdGt01dr+FO9Vw8G/ciI=",
          "dependencies": {
            "async": {
              "version": "https://registry.npmjs.org/async/-/async-0.2.9.tgz",
              "integrity": "sha1-32MGD789Myhqdqr21Vophtn/hhk="
            },
            "cli-color": {
              "version": "https://registry.npmjs.org/cli-color/-/cli-color-0.2.3.tgz",
              "integrity": "sha1-CiXOrlpqFgK+f3fShWPDZwAnTog=",
              "dependencies": {
                "es5-ext": {
                  "version": "https://registry.npmjs.org/es5-ext/-/es5-ext-0.9.2.tgz",
                  "integrity": "sha1-0uMJ0fIjsHGGSINaz1uII6gGH4o="
                },
                "memoizee": {
                  "version": "https://registry.npmjs.org/memoizee/-/memoizee-0.2.6.tgz",
                  "integrity": "sha1-u0WnrQJTAILxYSZx2rNSGc0uB0E=",
                  "dependencies": {
                    "event-emitter": {
                      "version": "https://registry.npmjs.org/event-emitter/-/event-emitter-0.2.2.tgz",
                      "integrity": "sha1-yB43JOtVQHxaDV7jKZQR9wD1QpE="
                    },
                    "next-tick": {
                      "version": "https://registry.npmjs.org/next-tick/-/next-tick-0.1.0.tgz",
                      "integrity": "sha1-GRLM6OubaX1kD7upT48A3sO5Qlk="
                    }
                  }
                }
              }
            },
            "lodash": {
              "version": "https://registry.npmjs.org/lodash/-/lodash-1.2.1.tgz",
              "integrity": "sha1-7UexbkbwaytAMJto6RY8F+k+owQ="
            },
            "mute-stream": {
              "version": "0.0.3",
              "resolved": "https://registry.npmjs.org/mute-stream/-/mute-stream-0.0.3.tgz",
              "integrity": "sha1-8JwJDTM7MGP2Fcu8ynGzSYk/AVI="
            }
          }
        },
        "junk": {
          "version": "https://registry.npmjs.org/junk/-/junk-0.2.1.tgz",
          "integrity": "sha1-6KTELEIXRto0s1TQUQUHy3nzxYM="
        },
        "minimist": {
          "version": "0.0.5",
          "resolved": "https://registry.npmjs.org/minimist/-/minimist-0.0.5.tgz",
          "integrity": "sha1-16oye87PUY+RBqxrjwA/o7zqhWY="
        },
        "mkdirp": {
          "version": "https://registry.npmjs.org/mkdirp/-/mkdirp-0.3.5.tgz",
          "integrity": "sha1-3j5fiWHIjHh+4TaN+EmsRBPsqNc="
        },
        "mout": {
          "version": "https://registry.npmjs.org/mout/-/mout-0.7.1.tgz",
          "integrity": "sha1-IY3isIgLIg2Z9Puu4/wMOlMQvag="
        },
        "nopt": {
          "version": "https://registry.npmjs.org/nopt/-/nopt-2.1.2.tgz",
          "integrity": "sha1-bMzZd7gBMqB3MdbozljCyDA8+a8="
        },
        "open": {
          "version": "https://registry.npmjs.org/open/-/open-0.0.4.tgz",
          "integrity": "sha1-XeRqCFi59J+fIRqo8mYoVQZX8mI="
        },
        "osenv": {
          "version": "0.0.3",
          "resolved": "https://registry.npmjs.org/osenv/-/osenv-0.0.3.tgz",
          "integrity": "sha1-zWrY3bKQkVrZ4idlV2Al1BHynLY="
        },
        "promptly": {
          "version": "https://registry.npmjs.org/promptly/-/promptly-0.2.0.tgz",
          "integrity": "sha1-c+8gD6gynV06jfQXmJULhkbKRtk=",
          "dependencies": {
            "read": {
              "version": "https://registry.npmjs.org/read/-/read-1.0.5.tgz",
              "integrity": "sha1-AHo9FpR4qnEKSRcn5FPv+5LnYgM=",
              "dependencies": {
                "mute-stream": {
                  "version": "https://registry.npmjs.org/mute-stream/-/mute-stream-0.0.4.tgz",
                  "integrity": "sha1-qSGZYKbV1dBGWXruUSUsZlX3F34="
                }
              }
            }
          }
        },
        "q": {
          "version": "https://registry.npmjs.org/q/-/q-0.9.7.tgz",
          "integrity": "sha1-TeLmyzspCIyeTLwDv51C+5bOL3U="
        },
        "request": {
          "version": "https://registry.npmjs.org/request/-/request-2.27.0.tgz",
          "integrity": "sha1-37GiJN06Wput5DNwElA9cQ5Thmg=",
          "dependencies": {
            "form-data": {
              "version": "https://registry.npmjs.org/form-data/-/form-data-0.1.2.tgz",
              "integrity": "sha1-EUPCE1eRGnjdeROxibS6tdXVdEU=",
              "dependencies": {
                "async": {
                  "version": "https://registry.npmjs.org/async/-/async-0.2.9.tgz",
                  "integrity": "sha1-32MGD789Myhqdqr21Vophtn/hhk="
                }
              }
            },
            "hawk": {
              "version": "https://registry.npmjs.org/hawk/-/hawk-1.0.0.tgz",
              "integrity": "sha1-uQuxaYByhUEdp//LjdJZhQLTtS0=",
              "dependencies": {
                "hoek": {
                  "version": "https://registry.npmjs.org/hoek/-/hoek-0.9.1.tgz",
                  "integrity": "sha1-PTIkYrrfB3Fup+uFuviAec3c5QU="
                }
              }
            },
            "json-stringify-safe": {
              "version": "https://registry.npmjs.org/json-stringify-safe/-/json-stringify-safe-5.0.0.tgz",
              "integrity": "sha1-TB8ii1BQg366nSH1DC5uMgYkVm4="
            },
            "mime": {
              "version": "1.2.11",
              "resolved": "https://registry.npmjs.org/mime/-/mime-1.2.11.tgz",
              "integrity": "sha1-WCA+7Ybjpe8XrtK32evUfwpg3RA="
            }
          }
        },
        "request-progress": {
          "version": "https://registry.npmjs.org/request-progress/-/request-progress-0.3.1.tgz",
          "integrity": "sha1-ByHBBdipasayzossia4tXs/Pazo=",
          "dependencies": {
            "throttleit": {
              "version": "https://registry.npmjs.org/throttleit/-/throttleit-0.0.2.tgz",
              "integrity": "sha1-z+34jmDADdlpe2H90qg0OptoDq8="
            }
          }
        },
        "retry": {
          "version": "https://registry.npmjs.org/retry/-/retry-0.6.0.tgz",
          "integrity": "sha1-HAEHEyeab9Ho3vKK8MP/GHHKpTc="
        },
        "rimraf": {
          "version": "2.2.2",
          "resolved": "https://registry.npmjs.org/rimraf/-/rimraf-2.2.2.tgz",
          "integrity": "sha1-2Z7EHcZG5Vv3p6RKJVwovvM6ir8="
        },
        "semver": {
          "version": "2.1.0",
          "resolved": "https://registry.npmjs.org/semver/-/semver-2.1.0.tgz",
          "integrity": "sha1-NWKUqQaQtph3TWLPNdfJH5g+coo="
        },
        "stringify-object": {
          "version": "https://registry.npmjs.org/stringify-object/-/stringify-object-0.1.7.tgz",
          "integrity": "sha1-u1TRzu0Ri0KMElZ0K0ClPwNZlYE="
        },
        "sudo-block": {
          "version": "https://registry.npmjs.org/sudo-block/-/sudo-block-0.2.1.tgz",
          "integrity": "sha1-s5SCB0G2bA/gb5ezNPBnQDaDe6U=",
          "dependencies": {
            "chalk": {
              "version": "https://registry.npmjs.org/chalk/-/chalk-0.1.1.tgz",
              "integrity": "sha1-/m2QriwnBCRyDIftktNkkLfTbqA=",
              "dependencies": {
                "ansi-styles": {
                  "version": "https://registry.npmjs.org/ansi-styles/-/ansi-styles-0.1.2.tgz",
                  "integrity": "sha1-W6snwuC76UTuQgV88jre6XCrx8Y="
                }
              }
            }
          }
        },
        "tar": {
          "version": "https://registry.npmjs.org/tar/-/tar-0.1.18.tgz",
          "integrity": "sha1-t2w7I8XpD54+NERi9TcEfGlbpjU=",
          "dependencies": {
            "block-stream": {
              "version": "https://registry.npmjs.org/block-stream/-/block-stream-0.0.7.tgz",
              "integrity": "sha1-kIirWuHoYfTYGxdrSoBGCAcD3u0="
            }
          }
        },
        "tmp": {
          "version": "https://registry.npmjs.org/tmp/-/tmp-0.0.21.tgz",
          "integrity": "sha1-bSY/7eZXDcTUUQ/8wu/GQCI7EVM="
        },
        "unzip": {
          "version": "https://registry.npmjs.org/unzip/-/unzip-0.1.9.tgz",
          "integrity": "sha1-EqxNBcChn8RUbfTFCuCn9HBqlCQ=",
          "dependencies": {
            "binary": {
              "version": "https://registry.npmjs.org/binary/-/binary-0.3.0.tgz",
              "integrity": "sha1-n2BVO8XOjDOG87VTz/R0Yq3sqnk=",
              "dependencies": {
                "chainsaw": {
                  "version": "https://registry.npmjs.org/chainsaw/-/chainsaw-0.1.0.tgz",
                  "integrity": "sha1-XqtQsor+WAdNDVgpE4iCi15fvJg=",
                  "dependencies": {
                    "traverse": {
                      "version": "https://registry.npmjs.org/traverse/-/traverse-0.3.9.tgz",
                      "integrity": "sha1-cXuPIgzAu3tE5AUUwisui7xw2Lk="
                    }
                  }
                }
              }
            },
            "buffers": {
              "version": "0.1.1",
              "resolved": "https://registry.npmjs.org/buffers/-/buffers-0.1.1.tgz",
              "integrity": "sha1-skV5w77U1tOWru5tmorn9Ugqt7s="
            },
            "match-stream": {
              "version": "https://registry.npmjs.org/match-stream/-/match-stream-0.0.2.tgz",
              "integrity": "sha1-mesFAJOzTf+t5CG5rAtBCpz6F88="
            },
            "pullstream": {
              "version": "https://registry.npmjs.org/pullstream/-/pullstream-0.4.0.tgz",
              "integrity": "sha1-kZ8V7zdkM7MxNR8RZWXcF8b82nc=",
              "dependencies": {
                "over": {
                  "version": "https://registry.npmjs.org/over/-/over-0.0.5.tgz",
                  "integrity": "sha1-8phS5w/X4l82DgE6jsRMgq7bVwg="
                },
                "slice-stream": {
                  "version": "0.0.0",
                  "resolved": "https://registry.npmjs.org/slice-stream/-/slice-stream-0.0.0.tgz",
                  "integrity": "sha1-gYPfh61ErgtIwGJRNOrG40l0eGA="
                }
              }
            },
            "readable-stream": {
              "version": "1.0.17",
              "resolved": "https://registry.npmjs.org/readable-stream/-/readable-stream-1.0.17.tgz",
              "integrity": "sha1-y8KV/fOU36EiXSJdAua20PQJ/Us="
            },
            "setimmediate": {
              "version": "https://registry.npmjs.org/setimmediate/-/setimmediate-1.0.1.tgz",
              "integrity": "sha1-qcpWzL1qTDM0hV8GCrzezlxC67c="
            }
          }
        },
        "update-notifier": {
          "version": "https://registry.npmjs.org/update-notifier/-/update-notifier-0.1.6.tgz",
          "integrity": "sha1-yBTn6rqtq6eJ91w/ZSNm247+xHE=",
          "dependencies": {
            "chalk": {
              "version": "https://registry.npmjs.org/chalk/-/chalk-0.1.1.tgz",
              "integrity": "sha1-/m2QriwnBCRyDIftktNkkLfTbqA=",
              "dependencies": {
                "ansi-styles": {
                  "version": "https://registry.npmjs.org/ansi-styles/-/ansi-styles-0.1.2.tgz",
                  "integrity": "sha1-W6snwuC76UTuQgV88jre6XCrx8Y="
                }
              }
            },
            "configstore": {
              "version": "https://registry.npmjs.org/configstore/-/configstore-0.1.5.tgz",
              "integrity": "sha1-gHz9YO9pyH9Ke2BWHZQBkKQ4UD4=",
              "dependencies": {
                "js-yaml": {
                  "version": "https://registry.npmjs.org/js-yaml/-/js-yaml-2.1.2.tgz",
                  "integrity": "sha1-VATViXL3ARJ2Pgt+l87SDDkTi70=",
                  "dependencies": {
                    "argparse": {
                      "version": "https://registry.npmjs.org/argparse/-/argparse-0.1.15.tgz",
                      "integrity": "sha1-KKH3LEMRPnYyIOVwhBQwHIhA8KE=",
                      "dependencies": {
                        "underscore": {
                          "version": "https://registry.npmjs.org/underscore/-/underscore-1.4.4.tgz",
                          "integrity": "sha1-YaajIBBiKvoHljvzJSA88SI51gQ="
                        },
                        "underscore.string": {
                          "version": "https://registry.npmjs.org/underscore.string/-/underscore.string-2.3.3.tgz",
                          "integrity": "sha1-ccCL9rQosRM/N+ePo6Icgvcymw0="
                        }
                      }
                    }
                  }
                },
                "lodash": {
                  "version": "https://registry.npmjs.org/lodash/-/lodash-1.3.1.tgz",
                  "integrity": "sha1-pGY7U2hriV/wdOK6UE37dqjit3A="
                }
              }
            },
            "request": {
              "version": "https://registry.npmjs.org/request/-/request-2.22.0.tgz",
              "integrity": "sha1-uIOnacxKkJVx61AEs0TEPPflFZI=",
              "dependencies": {
                "form-data": {
                  "version": "0.0.8",
                  "resolved": "https://registry.npmjs.org/form-data/-/form-data-0.0.8.tgz",
                  "integrity": "sha1-CJDNEAXFzOzAudJKiAUskkQtDbU=",
                  "dependencies": {
                    "async": {
                      "version": "https://registry.npmjs.org/async/-/async-0.2.9.tgz",
                      "integrity": "sha1-32MGD789Myhqdqr21Vophtn/hhk="
                    }
                  }
                },
                "hawk": {
                  "version": "https://registry.npmjs.org/hawk/-/hawk-0.13.1.tgz",
                  "integrity": "sha1-NheViCH1gxHk1/beKR/KZitBLvQ=",
                  "dependencies": {
                    "hoek": {
                      "version": "https://registry.npmjs.org/hoek/-/hoek-0.8.5.tgz",
                      "integrity": "sha1-Hp/XcO9+vgJ0rfy1sIBqAlpeTp8="
                    }
                  }
                },
                "json-stringify-safe": {
                  "version": "4.0.0",
                  "resolved": "https://registry.npmjs.org/json-stringify-safe/-/json-stringify-safe-4.0.0.tgz",
                  "integrity": "sha1-d8JxqupUMC5o7+rMtWq78GqbGlQ="
                },
                "mime": {
                  "version": "1.2.11",
                  "resolved": "https://registry.npmjs.org/mime/-/mime-1.2.11.tgz",
                  "integrity": "sha1-WCA+7Ybjpe8XrtK32evUfwpg3RA="
                }
              }
            },
            "semver": {
              "version": "https://registry.npmjs.org/semver/-/semver-2.0.11.tgz",
              "integrity": "sha1-9R8H0D+lr3m+tTf8Bnp+FBeGzO0="
            }
          }
        },
        "which": {
          "version": "1.0.5",
          "resolved": "https://registry.npmjs.org/which/-/which-1.0.5.tgz",
          "integrity": "sha1-VjDWgZ3aaS8UZEYueVbLQsCEJzk="
        }
      }
    },
    "combined-stream": {
      "version": "0.0.4",
      "resolved": "https://registry.npmjs.org/combined-stream/-/combined-stream-0.0.4.tgz",
      "integrity": "sha1-LRpDNH2+lRWkonlnMuW4hHOECyI=",
      "dependencies": {
        "delayed-stream": {
          "version": "0.0.5",
          "resolved": "https://registry.npmjs.org/delayed-stream/-/delayed-stream-0.0.5.tgz",
          "integrity": "sha1-1LH0OpPoKW3+AmlPRoC8N6MTxz8="
        }
      }
    },
    "combohandler": {
      "version": "0.2.2",
      "resolved": "https://registry.npmjs.org/combohandler/-/combohandler-0.2.2.tgz",
      "integrity": "sha1-1sRHzfbcxs4rUZJh9nDjRSqIpA0=",
      "dependencies": {
        "URIjs": {
          "version": "1.10.1",
          "resolved": "https://registry.npmjs.org/URIjs/-/URIjs-1.10.1.tgz",
          "integrity": "sha1-QTRDtUsh8acU+akzrF9FqDseqAE="
        }
      }
    },
    "cookie-jar": {
      "version": "0.3.0",
      "resolved": "https://registry.npmjs.org/cookie-jar/-/cookie-jar-0.3.0.tgz",
      "integrity": "sha1-vJon1OK5fhhs1XyeIGPLmfpozMw="
    },
    "cryptiles": {
      "version": "0.2.2",
      "resolved": "https://registry.npmjs.org/cryptiles/-/cryptiles-0.2.2.tgz",
      "integrity": "sha1-7ZH/HxetE9N0gohZT4pIoNJvMlw="
    },
    "csv": {
      "version": "https://registry.npmjs.org/csv/-/csv-0.3.0.tgz",
      "integrity": "sha1-DxOEAuAbFt4sfVRsI9ZerJ22Cyw="
    },
    "db-migrate": {
      "version": "https://registry.npmjs.org/db-migrate/-/db-migrate-0.4.1.tgz",
      "integrity": "sha1-iXkU42WCMOnh9Baxt3oM4k5iBzM=",
      "dependencies": {
        "async": {
          "version": "https://registry.npmjs.org/async/-/async-0.1.22.tgz",
          "integrity": "sha1-D8GqoIig4+8Ovi2IMbqw3PiEUGE="
        },
        "moment": {
          "version": "https://registry.npmjs.org/moment/-/moment-1.7.2.tgz",
          "integrity": "sha1-5mvjRL4unsHRLx4WqMpJv2NBf08="
        },
        "pkginfo": {
          "version": "https://registry.npmjs.org/pkginfo/-/pkginfo-0.3.0.tgz",
          "integrity": "sha1-cmQRQBA5/psAnuqGYUKV1fOlQnY="
        },
        "semver": {
          "version": "https://registry.npmjs.org/semver/-/semver-1.0.14.tgz",
          "integrity": "sha1-ysXi1Vpvv5WMsiCuhEBFBxx49nY="
        }
      }
    },
    "deep-freeze": {
      "version": "https://registry.npmjs.org/deep-freeze/-/deep-freeze-0.0.1.tgz",
      "integrity": "sha1-OgsABd4YZygZ39OM0x+RF5yJPoQ="
    },
    "express": {
      "version": "https://registry.npmjs.org/express/-/express-3.2.4.tgz",
      "integrity": "sha1-85/LqaIkARBY+1gWR2iLEt+U9YU=",
      "dependencies": {
        "buffer-crc32": {
          "version": "0.2.1",
          "resolved": "https://registry.npmjs.org/buffer-crc32/-/buffer-crc32-0.2.1.tgz",
          "integrity": "sha1-vj5TgvwCttYySVasGvmKqYsIU0w="
        },
        "commander": {
          "version": "0.6.1",
          "resolved": "https://registry.npmjs.org/commander/-/commander-0.6.1.tgz",
          "integrity": "sha1-+mihT2qUXVTbvlDYzbMyDp47GgY="
        },
        "connect": {
          "version": "2.7.9",
          "resolved": "https://registry.npmjs.org/connect/-/connect-2.7.9.tgz",
          "integrity": "sha1-QMUrIj7SBZIwsiXnFputfHA4FzI=",
          "dependencies": {
            "bytes": {
              "version": "0.2.0",
              "resolved": "https://registry.npmjs.org/bytes/-/bytes-0.2.0.tgz",
              "integrity": "sha1-qtM+wU49wsp06OfUUfm6BTrU96A="
            },
            "formidable": {
              "version": "https://registry.npmjs.org/formidable/-/formidable-1.0.13.tgz",
              "integrity": "sha1-cMrw+daWkqd+BAId2rT0awHIKuo="
            },
            "pause": {
              "version": "0.0.1",
              "resolved": "https://registry.npmjs.org/pause/-/pause-0.0.1.tgz",
              "integrity": "sha1-HUCLP9t2kjuVQ9lvtMnf1TXZy10="
            }
          }
        },
        "cookie": {
          "version": "0.0.5",
          "resolved": "https://registry.npmjs.org/cookie/-/cookie-0.0.5.tgz",
          "integrity": "sha1-+az521frdWjJ/MWWJWt7si4wfIE="
        },
        "cookie-signature": {
          "version": "1.0.1",
          "resolved": "https://registry.npmjs.org/cookie-signature/-/cookie-signature-1.0.1.tgz",
          "integrity": "sha1-ROByFIrwHm6OJK+/EmkNaK5pjss="
        },
        "debug": {
          "version": "0.7.2",
          "resolved": "https://registry.npmjs.org/debug/-/debug-0.7.2.tgz",
          "integrity": "sha1-BWaSyGZwl38RXegpF5GLjouaEPA="
        },
        "fresh": {
          "version": "0.1.0",
          "resolved": "https://registry.npmjs.org/fresh/-/fresh-0.1.0.tgz",
          "integrity": "sha1-A+SwF4Qk5MLV0ZpU2IFM3JeTSFA="
        },
        "methods": {
          "version": "0.0.1",
          "resolved": "https://registry.npmjs.org/methods/-/methods-0.0.1.tgz",
          "integrity": "sha1-J3yQ+L7zlwlkWoNxxRw7bGSOBow="
        },
        "range-parser": {
          "version": "0.0.4",
          "resolved": "https://registry.npmjs.org/range-parser/-/range-parser-0.0.4.tgz",
          "integrity": "sha1-wEJ//vUcEKy6B4KkbJYC50T/Ygs="
        },
        "send": {
          "version": "0.1.0",
          "resolved": "https://registry.npmjs.org/send/-/send-0.1.0.tgz",
          "integrity": "sha1-z7COvTzsm3/Bo32f+eh1qXHPRkA=",
          "dependencies": {
            "mime": {
              "version": "https://registry.npmjs.org/mime/-/mime-1.2.6.tgz",
              "integrity": "sha1-sfhsdowCX6h7SAdfFwnyiuryA2U="
            }
          }
        }
      }
    },
    "express-slash": {
      "version": "https://registry.npmjs.org/express-slash/-/express-slash-0.2.0.tgz",
      "integrity": "sha1-L6wppKAwqC7ePkWQPJIAaFLW3yU="
    },
    "express-state": {
      "version": "https://registry.npmjs.org/express-state/-/express-state-0.0.2.tgz",
      "integrity": "sha1-VP42SD8jwwStZCQqAeNKG391vA8="
    },
    "express3-handlebars": {
      "version": "https://registry.npmjs.org/express3-handlebars/-/express3-handlebars-0.5.0.tgz",
      "integrity": "sha1-f3f++YOM762WfOGOdf0JL7TDE8I=",
      "dependencies": {
        "semver": {
          "version": "https://registry.npmjs.org/semver/-/semver-2.0.11.tgz",
          "integrity": "sha1-9R8H0D+lr3m+tTf8Bnp+FBeGzO0="
        }
      }
    },
    "forever-agent": {
      "version": "0.5.0",
      "resolved": "https://registry.npmjs.org/forever-agent/-/forever-agent-0.5.0.tgz",
      "integrity": "sha1-DBZHp0868S12oHqZSQrefHJJyPA="
    },
    "glob": {
      "version": "3.2.6",
      "resolved": "https://registry.npmjs.org/glob/-/glob-3.2.6.tgz",
      "integrity": "sha1-KMgFtHvGwZujBZy98Hm5j/YkQvI="
    },
    "handlebars": {
      "version": "https://registry.npmjs.org/handlebars/-/handlebars-1.0.12.tgz",
      "integrity": "sha1-GMbTRAw16RsZs/9YK5FRq0mF1Pw=",
      "dependencies": {
        "uglify-js": {
          "version": "https://registry.npmjs.org/uglify-js/-/uglify-js-2.3.6.tgz",
          "integrity": "sha1-+gmEdwtCi3qbKoBY9GNV0U/vIRo=",
          "dependencies": {
            "source-map": {
              "version": "https://registry.npmjs.org/source-map/-/source-map-0.1.27.tgz",
              "integrity": "sha1-8RTgaotcBcvFGqH6YA5ygWJFXto=",
              "dependencies": {
                "amdefine": {
                  "version": "https://registry.npmjs.org/amdefine/-/amdefine-0.0.5.tgz",
                  "integrity": "sha1-hrbpRw+M3pVe99qjz11US6gao9s="
                }
              }
            }
          }
        }
      }
    },
    "http-signature": {
      "version": "0.10.0",
      "resolved": "https://registry.npmjs.org/http-signature/-/http-signature-0.10.0.tgz",
      "integrity": "sha1-FJTk9QAKg8DxG8wS1gB8Uwy5lYI=",
      "dependencies": {
        "asn1": {
          "version": "0.1.11",
          "resolved": "https://registry.npmjs.org/asn1/-/asn1-0.1.11.tgz",
          "integrity": "sha1-VZvhg3bQik7E2+gId9J4GGObLfc="
        },
        "assert-plus": {
          "version": "0.1.2",
          "resolved": "https://registry.npmjs.org/assert-plus/-/assert-plus-0.1.2.tgz",
          "integrity": "sha1-2T/9u2esVQd3m+MWp9ZRRkF77vg="
        },
        "ctype": {
          "version": "0.5.2",
          "resolved": "https://registry.npmjs.org/ctype/-/ctype-0.5.2.tgz",
          "integrity": "sha1-/oCR1Gijc6Cwyf+Lv7NCXACXOh0="
        }
      }
    },
    "inherits": {
      "version": "2.0.1",
      "resolved": "https://registry.npmjs.org/inherits/-/inherits-2.0.1.tgz",
      "integrity": "sha1-sX0I0ya0Qj5Wjv9xn5GwscvfafE="
    },
    "lru-cache": {
      "version": "2.3.1",
      "resolved": "https://registry.npmjs.org/lru-cache/-/lru-cache-2.3.1.tgz",
      "integrity": "sha1-s632s9hW6VTiw5DmzvIggSRaU9Y="
    },
    "minimatch": {
      "version": "0.2.12",
      "resolved": "https://registry.npmjs.org/minimatch/-/minimatch-0.2.12.tgz",
      "integrity": "sha1-6oKgEqxmLH3fqhRPHBR+aUb12vs=",
      "dependencies": {
        "sigmund": {
          "version": "1.0.0",
          "resolved": "https://registry.npmjs.org/sigmund/-/sigmund-1.0.0.tgz",
          "integrity": "sha1-ZqKzp0mui1+4nv1PzAHclPvgIpY="
        }
      }
    },
    "mkdirp": {
      "version": "https://registry.npmjs.org/mkdirp/-/mkdirp-0.3.4.tgz",
      "integrity": "sha1-+MgdITtymaAx8ZOlfXUqF9L2x9g="
    },
    "node-uuid": {
      "version": "1.4.1",
      "resolved": "https://registry.npmjs.org/node-uuid/-/node-uuid-1.4.1.tgz",
      "integrity": "sha1-Oa71EOWImj3KnIlbUGxzquG6wEg="
    },
    "oauth-sign": {
      "version": "0.3.0",
      "resolved": "https://registry.npmjs.org/oauth-sign/-/oauth-sign-0.3.0.tgz",
      "integrity": "sha1-y1QPk7srIqfVlBaRoojWDo6pOG4="
    },
    "optimist": {
      "version": "https://registry.npmjs.org/optimist/-/optimist-0.3.7.tgz",
      "integrity": "sha1-yQlBrVnkJzMokjB00s8ufLxuwNk="
    },
    "pg": {
      "version": "https://registry.npmjs.org/pg/-/pg-1.1.0.tgz",
      "integrity": "sha1-TQ//VpbTWCaQ8SPCCz5TovCgn3E=",
      "dependencies": {
        "buffer-writer": {
          "version": "https://registry.npmjs.org/buffer-writer/-/buffer-writer-1.0.0.tgz",
          "integrity": "sha1-bCnDst6gyeRVofJhoZmkigT4iwg=",
          "dependencies": {
            "cloned": {
              "version": "https://registry.npmjs.org/cloned/-/cloned-0.0.1.tgz",
              "integrity": "sha1-glzj6ITZfh01OfnSekXSKoK8jzk=",
              "dependencies": {
                "rmdir": {
                  "version": "https://registry.npmjs.org/rmdir/-/rmdir-1.0.0.tgz",
                  "integrity": "sha1-SB4YMoiH//r6OO5YZWgY+ln2ACg="
                }
              }
            }
          }
        },
        "generic-pool": {
          "version": "https://registry.npmjs.org/generic-pool/-/generic-pool-2.0.2.tgz",
          "integrity": "sha1-YBXerdTOFX2074PKrJmE6JsQCRI="
        }
      }
    },
    "qs": {
      "version": "0.6.4",
      "resolved": "https://registry.npmjs.org/qs/-/qs-0.6.4.tgz",
      "integrity": "sha1-jRfdz8hkrOPwNHc4ISZ0DvJbI08="
    },
    "request": {
      "version": "https://registry.npmjs.org/request/-/request-2.25.0.tgz",
      "integrity": "sha1-2sFnMYGIf+CyzmvX4S9G1VSgLOk=",
      "dependencies": {
        "form-data": {
          "version": "https://registry.npmjs.org/form-data/-/form-data-0.1.0.tgz",
          "integrity": "sha1-02tZuvmykrsuUDTXpgebK9Hp34M=",
          "dependencies": {
            "async": {
              "version": "https://registry.npmjs.org/async/-/async-0.2.9.tgz",
              "integrity": "sha1-32MGD789Myhqdqr21Vophtn/hhk="
            }
          }
        },
        "hawk": {
          "version": "https://registry.npmjs.org/hawk/-/hawk-1.0.0.tgz",
          "integrity": "sha1-uQuxaYByhUEdp//LjdJZhQLTtS0=",
          "dependencies": {
            "hoek": {
              "version": "https://registry.npmjs.org/hoek/-/hoek-0.9.1.tgz",
              "integrity": "sha1-PTIkYrrfB3Fup+uFuviAec3c5QU="
            }
          }
        },
        "json-stringify-safe": {
          "version": "https://registry.npmjs.org/json-stringify-safe/-/json-stringify-safe-5.0.0.tgz",
          "integrity": "sha1-TB8ii1BQg366nSH1DC5uMgYkVm4="
        },
        "mime": {
          "version": "https://registry.npmjs.org/mime/-/mime-1.2.10.tgz",
          "integrity": "sha1-BmOArLw9eNT0pRAE2JiEJdxoubE="
        }
      }
    },
    "sntp": {
      "version": "0.2.4",
      "resolved": "https://registry.npmjs.org/sntp/-/sntp-0.2.4.tgz",
      "integrity": "sha1-+4hfGLDzqtGJ+CSGJTa87ux1CQA=",
      "dependencies": {
        "hoek": {
          "version": "0.9.1",
          "resolved": "https://registry.npmjs.org/hoek/-/hoek-0.9.1.tgz",
          "integrity": "sha1-PTIkYrrfB3Fup+uFuviAec3c5QU="
        }
      }
    },
    "tunnel-agent": {
      "version": "0.3.0",
      "resolved": "https://registry.npmjs.org/tunnel-agent/-/tunnel-agent-0.3.0.tgz",
      "integrity": "sha1-rWgbaPUyGtKCfEz7G31d8s/pQu4="
    },
    "wordwrap": {
      "version": "0.0.2",
      "resolved": "https://registry.npmjs.org/wordwrap/-/wordwrap-0.0.2.tgz",
      "integrity": "sha1-t5Zpu0LstAn4PVg8rVLKF+qhZD8="
    }
  }
}
